
Microsoft Visual Studio Solution File, Format Version 12.00
# Visual Studio 15
VisualStudioVersion = 15.0.27130.2027
MinimumVisualStudioVersion = 10.0.40219.1
Project("{9A19103F-16F7-4668-BE54-9A1E7A4F7556}") = "Shielded.Gossip", "Shielded.Gossip\Shielded.Gossip.csproj", "{D643BB32-7FAD-4622-9F07-03FBDDA2A2FD}"
EndProject
Project("{9A19103F-16F7-4668-BE54-9A1E7A4F7556}") = "Shielded.Gossip.Tests", "Shielded.Gossip.Tests\Shielded.Gossip.Tests.csproj", "{FBA3AA16-F42D-4B7C-8160-68DC24F2264C}"
EndProject
Global
	GlobalSection(SolutionConfigurationPlatforms) = preSolution
		Debug|Any CPU = Debug|Any CPU
		Release|Any CPU = Release|Any CPU
	EndGlobalSection
	GlobalSection(ProjectConfigurationPlatforms) = postSolution
		{D643BB32-7FAD-4622-9F07-03FBDDA2A2FD}.Debug|Any CPU.ActiveCfg = Debug|Any CPU
		{D643BB32-7FAD-4622-9F07-03FBDDA2A2FD}.Debug|Any CPU.Build.0 = Debug|Any CPU
		{D643BB32-7FAD-4622-9F07-03FBDDA2A2FD}.Release|Any CPU.ActiveCfg = Release|Any CPU
		{D643BB32-7FAD-4622-9F07-03FBDDA2A2FD}.Release|Any CPU.Build.0 = Release|Any CPU
		{FBA3AA16-F42D-4B7C-8160-68DC24F2264C}.Debug|Any CPU.ActiveCfg = Debug|Any CPU
		{FBA3AA16-F42D-4B7C-8160-68DC24F2264C}.Debug|Any CPU.Build.0 = Debug|Any CPU
		{FBA3AA16-F42D-4B7C-8160-68DC24F2264C}.Release|Any CPU.ActiveCfg = Release|Any CPU
		{FBA3AA16-F42D-4B7C-8160-68DC24F2264C}.Release|Any CPU.Build.0 = Release|Any CPU
	EndGlobalSection
	GlobalSection(SolutionProperties) = preSolution
		HideSolutionNode = FALSE
	EndGlobalSection
	GlobalSection(ExtensibilityGlobals) = postSolution
		SolutionGuid = {E1524C7B-FE57-47AE-ADBC-ACCBA7ACCB02}
	EndGlobalSection
EndGlobal
