
Microsoft Visual Studio Solution File, Format Version 12.00
# Visual Studio 15
VisualStudioVersion = 15.0.27130.2027
MinimumVisualStudioVersion = 10.0.40219.1
Project("{9A19103F-16F7-4668-BE54-9A1E7A4F7556}") = "Distro", "Distro\Distro.csproj", "{22A230C6-E2E7-4032-963F-91F38B2F7674}"
EndProject
Project("{9A19103F-16F7-4668-BE54-9A1E7A4F7556}") = "Shielded.Standard", "Shielded.Standard\Shielded.Standard.csproj", "{E172743D-5598-45E2-AD83-131090B3E34A}"
EndProject
Project("{9A19103F-16F7-4668-BE54-9A1E7A4F7556}") = "Shielded.Standard.Tests", "Shielded.Standard.Tests\Shielded.Standard.Tests.csproj", "{1ED4A252-8208-4F17-B497-E09173E363EB}"
EndProject
Project("{9A19103F-16F7-4668-BE54-9A1E7A4F7556}") = "ConsoleTests", "ConsoleTests\ConsoleTests.csproj", "{0850D9F5-BBD4-4553-85CA-EC6C8A317BBB}"
EndProject
Project("{9A19103F-16F7-4668-BE54-9A1E7A4F7556}") = "Shielded.Gossip", "Shielded.Gossip\Shielded.Gossip.csproj", "{D643BB32-7FAD-4622-9F07-03FBDDA2A2FD}"
EndProject
Project("{9A19103F-16F7-4668-BE54-9A1E7A4F7556}") = "Shielded.Gossip.Tests", "Shielded.Gossip.Tests\Shielded.Gossip.Tests.csproj", "{FBA3AA16-F42D-4B7C-8160-68DC24F2264C}"
EndProject
Project("{9A19103F-16F7-4668-BE54-9A1E7A4F7556}") = "Shielded.Cluster", "Shielded.Cluster\Shielded.Cluster.csproj", "{57AF409D-1BB8-4358-9767-EB98E272947E}"
EndProject
Project("{9A19103F-16F7-4668-BE54-9A1E7A4F7556}") = "Shielded.Cluster.Tests", "Shielded.Cluster.Tests\Shielded.Cluster.Tests.csproj", "{E427AA2E-B838-4A35-B4A2-5F5D17071D76}"
EndProject
Global
	GlobalSection(SolutionConfigurationPlatforms) = preSolution
		Debug|Any CPU = Debug|Any CPU
		Release|Any CPU = Release|Any CPU
	EndGlobalSection
	GlobalSection(ProjectConfigurationPlatforms) = postSolution
		{22A230C6-E2E7-4032-963F-91F38B2F7674}.Debug|Any CPU.ActiveCfg = Debug|Any CPU
		{22A230C6-E2E7-4032-963F-91F38B2F7674}.Debug|Any CPU.Build.0 = Debug|Any CPU
		{22A230C6-E2E7-4032-963F-91F38B2F7674}.Release|Any CPU.ActiveCfg = Release|Any CPU
		{22A230C6-E2E7-4032-963F-91F38B2F7674}.Release|Any CPU.Build.0 = Release|Any CPU
		{E172743D-5598-45E2-AD83-131090B3E34A}.Debug|Any CPU.ActiveCfg = Debug|Any CPU
		{E172743D-5598-45E2-AD83-131090B3E34A}.Debug|Any CPU.Build.0 = Debug|Any CPU
		{E172743D-5598-45E2-AD83-131090B3E34A}.Release|Any CPU.ActiveCfg = Release|Any CPU
		{E172743D-5598-45E2-AD83-131090B3E34A}.Release|Any CPU.Build.0 = Release|Any CPU
		{1ED4A252-8208-4F17-B497-E09173E363EB}.Debug|Any CPU.ActiveCfg = Debug|Any CPU
		{1ED4A252-8208-4F17-B497-E09173E363EB}.Debug|Any CPU.Build.0 = Debug|Any CPU
		{1ED4A252-8208-4F17-B497-E09173E363EB}.Release|Any CPU.ActiveCfg = Release|Any CPU
		{1ED4A252-8208-4F17-B497-E09173E363EB}.Release|Any CPU.Build.0 = Release|Any CPU
		{0850D9F5-BBD4-4553-85CA-EC6C8A317BBB}.Debug|Any CPU.ActiveCfg = Debug|Any CPU
		{0850D9F5-BBD4-4553-85CA-EC6C8A317BBB}.Debug|Any CPU.Build.0 = Debug|Any CPU
		{0850D9F5-BBD4-4553-85CA-EC6C8A317BBB}.Release|Any CPU.ActiveCfg = Release|Any CPU
		{0850D9F5-BBD4-4553-85CA-EC6C8A317BBB}.Release|Any CPU.Build.0 = Release|Any CPU
		{D643BB32-7FAD-4622-9F07-03FBDDA2A2FD}.Debug|Any CPU.ActiveCfg = Debug|Any CPU
		{D643BB32-7FAD-4622-9F07-03FBDDA2A2FD}.Debug|Any CPU.Build.0 = Debug|Any CPU
		{D643BB32-7FAD-4622-9F07-03FBDDA2A2FD}.Release|Any CPU.ActiveCfg = Release|Any CPU
		{D643BB32-7FAD-4622-9F07-03FBDDA2A2FD}.Release|Any CPU.Build.0 = Release|Any CPU
		{FBA3AA16-F42D-4B7C-8160-68DC24F2264C}.Debug|Any CPU.ActiveCfg = Debug|Any CPU
		{FBA3AA16-F42D-4B7C-8160-68DC24F2264C}.Debug|Any CPU.Build.0 = Debug|Any CPU
		{FBA3AA16-F42D-4B7C-8160-68DC24F2264C}.Release|Any CPU.ActiveCfg = Release|Any CPU
		{FBA3AA16-F42D-4B7C-8160-68DC24F2264C}.Release|Any CPU.Build.0 = Release|Any CPU
		{57AF409D-1BB8-4358-9767-EB98E272947E}.Debug|Any CPU.ActiveCfg = Debug|Any CPU
		{57AF409D-1BB8-4358-9767-EB98E272947E}.Debug|Any CPU.Build.0 = Debug|Any CPU
		{57AF409D-1BB8-4358-9767-EB98E272947E}.Release|Any CPU.ActiveCfg = Release|Any CPU
		{57AF409D-1BB8-4358-9767-EB98E272947E}.Release|Any CPU.Build.0 = Release|Any CPU
		{E427AA2E-B838-4A35-B4A2-5F5D17071D76}.Debug|Any CPU.ActiveCfg = Debug|Any CPU
		{E427AA2E-B838-4A35-B4A2-5F5D17071D76}.Debug|Any CPU.Build.0 = Debug|Any CPU
		{E427AA2E-B838-4A35-B4A2-5F5D17071D76}.Release|Any CPU.ActiveCfg = Release|Any CPU
		{E427AA2E-B838-4A35-B4A2-5F5D17071D76}.Release|Any CPU.Build.0 = Release|Any CPU
	EndGlobalSection
	GlobalSection(SolutionProperties) = preSolution
		HideSolutionNode = FALSE
	EndGlobalSection
	GlobalSection(ExtensibilityGlobals) = postSolution
		SolutionGuid = {E1524C7B-FE57-47AE-ADBC-ACCBA7ACCB02}
	EndGlobalSection
EndGlobal
